<?xml version="1.0" encoding="utf-8"?>
<Project ToolsVersion="4.0" xmlns="http://schemas.microsoft.com/developer/msbuild/2003">
  <ItemGroup>
    <Filter Include="Исходные файлы">
      <UniqueIdentifier>{4FC737F1-C7A5-4376-A066-2A32D752A2FF}</UniqueIdentifier>
      <Extensions>cpp;c;cc;cxx;c++;cppm;ixx;def;odl;idl;hpj;bat;asm;asmx</Extensions>
    </Filter>
    <Filter Include="Файлы заголовков">
      <UniqueIdentifier>{93995380-89BD-4b04-88EB-625FBE52EBFB}</UniqueIdentifier>
      <Extensions>h;hh;hpp;hxx;h++;hm;inl;inc;ipp;xsd</Extensions>
    </Filter>
    <Filter Include="Файлы ресурсов">
      <UniqueIdentifier>{67DA6AB6-F800-4c08-8B7A-83BB121AAD01}</UniqueIdentifier>
      <Extensions>rc;ico;cur;bmp;dlg;rc2;rct;bin;rgs;gif;jpg;jpeg;jpe;resx;tiff;tif;png;wav;mfcribbon-ms</Extensions>
    </Filter>
    <Filter Include="Исходные файлы\src">
      <UniqueIdentifier>{da0ff5eb-879c-4072-a0a4-8eec573434cf}</UniqueIdentifier>
    </Filter>
    <Filter Include="Файлы заголовков\include">
      <UniqueIdentifier>{bca00eb9-5c5a-49be-9c8f-654b87d03748}</UniqueIdentifier>
    </Filter>
  </ItemGroup>
  <ItemGroup>
    <ClInclude Include="framework.h">
      <Filter>Файлы заголовков</Filter>
    </ClInclude>
    <ClInclude Include="pch.h">
      <Filter>Файлы заголовков</Filter>
    </ClInclude>
    <ClInclude Include="include\tp2_exchanges\binance_adapter.hpp">
      <Filter>Файлы заголовков\include</Filter>
    </ClInclude>
    <ClInclude Include="include\tp2_exchanges\bybit_adapter.hpp">
      <Filter>Файлы заголовков\include</Filter>
    </ClInclude>
    <ClInclude Include="include\tp2_exchanges\exchange.hpp">
      <Filter>Файлы заголовков\include</Filter>
    </ClInclude>
    <ClInclude Include="include\tp2_exchanges\sim_adapter.hpp">
      <Filter>Файлы заголовков\include</Filter>
    </ClInclude>
    <ClInclude Include="include\tp2_exchanges\orderbook_assembler.hpp">
      <Filter>Файлы заголовков\include</Filter>
    </ClInclude>
  </ItemGroup>
  <ItemGroup>
    <ClCompile Include="TP2_Exchanges.cpp">
      <Filter>Исходные файлы</Filter>
    </ClCompile>
    <ClCompile Include="pch.cpp">
      <Filter>Исходные файлы</Filter>
    </ClCompile>
    <ClCompile Include="src\exchange_iface.cpp">
      <Filter>Исходные файлы\src</Filter>
    </ClCompile>
    <ClCompile Include="src\bybit_adapter.cpp">
      <Filter>Исходные файлы\src</Filter>
    </ClCompile>
    <ClCompile Include="src\binance_adapter.cpp">
      <Filter>Исходные файлы\src</Filter>
    </ClCompile>
    <ClCompile Include="src\sim_adapter.cpp">
      <Filter>Исходные файлы\src</Filter>
    </ClCompile>
    <ClCompile Include="src\orderbook_assembler.cpp">
      <Filter>Исходные файлы\src</Filter>
    </ClCompile>
  </ItemGroup>
</Project>